
Microsoft Visual Studio Solution File, Format Version 12.00
# Visual Studio Version 16
VisualStudioVersion = 25.0.1706.11
MinimumVisualStudioVersion = 10.0.40219.1
Project("{FAE04EC0-301F-11D3-BF4B-00C04F79EFBC}") = "Drivers.Api", "Drivers.Api.csproj", "{87D9A248-E746-4A5E-B6A4-10FC8044BCEC}"
EndProject
Global
	GlobalSection(SolutionConfigurationPlatforms) = preSolution
		Debug|Any CPU = Debug|Any CPU
		Release|Any CPU = Release|Any CPU
	EndGlobalSection
	GlobalSection(ProjectConfigurationPlatforms) = postSolution
		{87D9A248-E746-4A5E-B6A4-10FC8044BCEC}.Debug|Any CPU.ActiveCfg = Debug|Any CPU
		{87D9A248-E746-4A5E-B6A4-10FC8044BCEC}.Debug|Any CPU.Build.0 = Debug|Any CPU
		{87D9A248-E746-4A5E-B6A4-10FC8044BCEC}.Release|Any CPU.ActiveCfg = Release|Any CPU
		{87D9A248-E746-4A5E-B6A4-10FC8044BCEC}.Release|Any CPU.Build.0 = Release|Any CPU
	EndGlobalSection
	GlobalSection(SolutionProperties) = preSolution
		HideSolutionNode = FALSE
	EndGlobalSection
	GlobalSection(ExtensibilityGlobals) = postSolution
		SolutionGuid = {FFA64440-4E0B-4D8D-AB8B-6C896F97EAD6}
	EndGlobalSection
EndGlobal
